{
  "name": "portfolio-html",
  "version": "1.0.0",
  "lockfileVersion": 1,
  "requires": true,
  "dependencies": {
    "bootstrap": {
      "version": "5.3.0-alpha2",
      "resolved": "https://registry.npmjs.org/bootstrap/-/bootstrap-5.3.0-alpha2.tgz",
      "integrity": "sha512-r1ayh5d56rhwrezVjhM8bt8tiUcdQ8J9JeCwCTAeKSpOrCWH5V5S6XiJ26DqbX7o5QSH5HIKm7W88CKxVjhCVQ=="
    },
    "scss-reset": {
      "version": "1.2.2",
      "resolved": "https://registry.npmjs.org/scss-reset/-/scss-reset-1.2.2.tgz",
      "integrity": "sha512-y3QLhXQCiwS5YxYSl4nGQkyIvaCtMm6O8V7clVrIihWQGOEv1IpEpLGpcOWOasizc+DEEMyge1Peu0BCmeu/bg=="
    }
  }
}
